// !$*UTF8*$!
{
	archiveVersion = 1;
	classes = {
	};
	objectVersion = 110;
	objects = {

/* Begin PBXContainerItemProxy section */
		75A1722830701ED100147AA1 /* PBXContainerItemProxy */ = {
			isa = PBXContainerItemProxy;
			containerPortal = 75A1721230701ED000147AA1 /* Project object */;
			proxyType = 1;
			remoteGlobalIDString = 75A1721930701ED000147AA1;
			remoteInfo = GitHubActionsDemo;
		};
		75A1723230701ED100147AA1 /* PBXContainerItemProxy */ = {
			isa = PBXContainerItemProxy;
			containerPortal = 75A1721230701ED000147AA1 /* Project object */;
			proxyType = 1;
			remoteGlobalIDString = 75A1721930701ED000147AA1;
			remoteInfo = GitHubActionsDemo;
		};
/* End PBXContainerItemProxy section */

/* Begin PBXFileReference section */
		75A1721A30701ED000147AA1 /* GitHubActionsDemo.app */ = {isa = PBXFileReference; explicitFileType = wrapper.application; includeInIndex = 0; path = GitHubActionsDemo.app; sourceTree = BUILT_PRODUCTS_DIR; };
		75A1722730701ED100147AA1 /* GitHubActionsDemoTests.xctest */ = {isa = PBXFileReference; explicitFileType = wrapper.cfbundle; includeInIndex = 0; path = GitHubActionsDemoTests.xctest; sourceTree = BUILT_PRODUCTS_DIR; };
		75A1723130701ED100147AA1 /* GitHubActionsDemoUITests.xctest */ = {isa = PBXFileReference; explicitFileType = wrapper.cfbundle; includeInIndex = 0; path = GitHubActionsDemoUITests.xctest; sourceTree = BUILT_PRODUCTS_DIR; };
/* End PBXFileReference section */

/* Begin PBXFileSystemSynchronizedRootGroup section */
		75A1721C30701ED000147AA1 /* GitHubActionsDemo */ = {
			isa = PBXFileSystemSynchronizedRootGroup;
			path = GitHubActionsDemo;
			sourceTree = "<group>";
		};
		75A1722A30701ED100147AA1 /* GitHubActionsDemoTests */ = {
			isa = PBXFileSystemSynchronizedRootGroup;
			path = GitHubActionsDemoTests;
			sourceTree = "<group>";
		};
		75A1723430701ED100147AA1 /* GitHubActionsDemoUITests */ = {
			isa = PBXFileSystemSynchronizedRootGroup;
			path = GitHubActionsDemoUITests;
			sourceTree = "<group>";
		};
/* End PBXFileSystemSynchronizedRootGroup section */

/* Begin PBXFrameworksBuildPhase section */
		75A1721730701ED000147AA1 /* Frameworks */ = {
			isa = PBXFrameworksBuildPhase;
			files = (
			);
		};
		75A1722430701ED100147AA1 /* Frameworks */ = {
			isa = PBXFrameworksBuildPhase;
			files = (
			);
		};
		75A1722E30701ED100147AA1 /* Frameworks */ = {
			isa = PBXFrameworksBuildPhase;
			files = (
			);
		};
/* End PBXFrameworksBuildPhase section */

/* Begin PBXGroup section */
		75A1721130701ED000147AA1 = {
			isa = PBXGroup;
			children = (
				75A1721C30701ED000147AA1 /* GitHubActionsDemo */,
				75A1722A30701ED100147AA1 /* GitHubActionsDemoTests */,
				75A1723430701ED100147AA1 /* GitHubActionsDemoUITests */,
				75A1721B30701ED000147AA1 /* Products */,
			);
			sourceTree = "<group>";
		};
		75A1721B30701ED000147AA1 /* Products */ = {
			isa = PBXGroup;
			children = (
				75A1721A30701ED000147AA1 /* GitHubActionsDemo.app */,
				75A1722730701ED100147AA1 /* GitHubActionsDemoTests.xctest */,
				75A1723130701ED100147AA1 /* GitHubActionsDemoUITests.xctest */,
			);
			name = Products;
			sourceTree = "<group>";
		};
/* End PBXGroup section */

/* Begin PBXNativeTarget section */
		75A1721930701ED000147AA1 /* GitHubActionsDemo */ = {
			isa = PBXNativeTarget;
			buildConfigurationList = 75A1723930701ED100147AA1 /* Build configuration list for PBXNativeTarget "GitHubActionsDemo" */;
			buildPhases = (
				75A1721630701ED000147AA1 /* Sources */,
				75A1721730701ED000147AA1 /* Frameworks */,
				75A1721830701ED000147AA1 /* Resources */,
			);
			buildRules = (
			);
			fileSystemSynchronizedGroups = (
				75A1721C30701ED000147AA1 /* GitHubActionsDemo */,
			);
			name = GitHubActionsDemo;
			productName = GitHubActionsDemo;
			productReference = 75A1721A30701ED000147AA1 /* GitHubActionsDemo.app */;
			productType = "com.apple.product-type.application";
		};
		75A1722630701ED100147AA1 /* GitHubActionsDemoTests */ = {
			isa = PBXNativeTarget;
			buildConfigurationList = 75A1723C30701ED100147AA1 /* Build configuration list for PBXNativeTarget "GitHubActionsDemoTests" */;
			buildPhases = (
				75A1722330701ED100147AA1 /* Sources */,
				75A1722430701ED100147AA1 /* Frameworks */,
				75A1722530701ED100147AA1 /* Resources */,
			);
			buildRules = (
			);
			dependencies = (
				75A1722930701ED100147AA1 /* PBXTargetDependency */,
			);
			fileSystemSynchronizedGroups = (
				75A1722A30701ED100147AA1 /* GitHubActionsDemoTests */,
			);
			name = GitHubActionsDemoTests;
			productName = GitHubActionsDemoTests;
			productReference = 75A1722730701ED100147AA1 /* GitHubActionsDemoTests.xctest */;
			productType = "com.apple.product-type.bundle.unit-test";
		};
		75A1723030701ED100147AA1 /* GitHubActionsDemoUITests */ = {
			isa = PBXNativeTarget;
			buildConfigurationList = 75A1723F30701ED100147AA1 /* Build configuration list for PBXNativeTarget "GitHubActionsDemoUITests" */;
			buildPhases = (
				75A1722D30701ED100147AA1 /* Sources */,
				75A1722E30701ED100147AA1 /* Frameworks */,
				75A1722F30701ED100147AA1 /* Resources */,
			);
			buildRules = (
			);
			dependencies = (
				75A1723330701ED100147AA1 /* PBXTargetDependency */,
			);
			fileSystemSynchronizedGroups = (
				75A1723430701ED100147AA1 /* GitHubActionsDemoUITests */,
			);
			name = GitHubActionsDemoUITests;
			productName = GitHubActionsDemoUITests;
			productReference = 75A1723130701ED100147AA1 /* GitHubActionsDemoUITests.xctest */;
			productType = "com.apple.product-type.bundle.ui-testing";
		};
/* End PBXNativeTarget section */

/* Begin PBXProject section */
		75A1721230701ED000147AA1 /* Project object */ = {
			isa = PBXProject;
			attributes = {
				BuildIndependentTargetsInParallel = 1;
				LastSwiftUpdateCheck = 2700;
				LastUpgradeCheck = 2700;
				TargetAttributes = {
					75A1721930701ED000147AA1 = {
						CreatedOnToolsVersion = 27.0;
					};
					75A1722630701ED100147AA1 = {
						CreatedOnToolsVersion = 27.0;
						TestTargetID = 75A1721930701ED000147AA1;
					};
					75A1723030701ED100147AA1 = {
						CreatedOnToolsVersion = 27.0;
						TestTargetID = 75A1721930701ED000147AA1;
					};
				};
			};
			buildConfigurationList = 75A1721530701ED000147AA1 /* Build configuration list for PBXProject "GitHubActionsDemo" */;
			developmentRegion = en;
			hasScannedForEncodings = 0;
			knownRegions = (
				en,
				Base,
			);
			mainGroup = 75A1721130701ED000147AA1;
			minimizedProjectReferenceProxies = 1;
			preferredProjectObjectVersion = 77;
			productRefGroup = 75A1721B30701ED000147AA1 /* Products */;
			projectDirPath = "";
			projectRoot = "";
			targets = (
				75A1721930701ED000147AA1 /* GitHubActionsDemo */,
				75A1722630701ED100147AA1 /* GitHubActionsDemoTests */,
				75A1723030701ED100147AA1 /* GitHubActionsDemoUITests */,
			);
		};
/* End PBXProject section */

/* Begin PBXResourcesBuildPhase section */
		75A1721830701ED000147AA1 /* Resources */ = {
			isa = PBXResourcesBuildPhase;
			files = (
			);
		};
		75A1722530701ED100147AA1 /* Resources */ = {
			isa = PBXResourcesBuildPhase;
			files = (
			);
		};
		75A1722F30701ED100147AA1 /* Resources */ = {
			isa = PBXResourcesBuildPhase;
			files = (
			);
		};
/* End PBXResourcesBuildPhase section */

/* Begin PBXSourcesBuildPhase section */
		75A1721630701ED000147AA1 /* Sources */ = {
			isa = PBXSourcesBuildPhase;
			files = (
			);
		};
		75A1722330701ED100147AA1 /* Sources */ = {
			isa = PBXSourcesBuildPhase;
			files = (
			);
		};
		75A1722D30701ED100147AA1 /* Sources */ = {
			isa = PBXSourcesBuildPhase;
			files = (
			);
		};
/* End PBXSourcesBuildPhase section */

/* Begin PBXTargetDependency section */
		75A1722930701ED100147AA1 /* PBXTargetDependency */ = {
			isa = PBXTargetDependency;
			target = 75A1721930701ED000147AA1 /* GitHubActionsDemo */;
			targetProxy = 75A1722830701ED100147AA1 /* PBXContainerItemProxy */;
		};
		75A1723330701ED100147AA1 /* PBXTargetDependency */ = {
			isa = PBXTargetDependency;
			target = 75A1721930701ED000147AA1 /* GitHubActionsDemo */;
			targetProxy = 75A1723230701ED100147AA1 /* PBXContainerItemProxy */;
		};
/* End PBXTargetDependency section */

/* Begin XCBuildConfiguration section */
		75A1723730701ED100147AA1 /* Debug configuration for PBXProject "GitHubActionsDemo" */ = {
			isa = XCBuildConfiguration;
			buildSettings = {
				ALWAYS_SEARCH_USER_PATHS = NO;
				ASSETCATALOG_COMPILER_GENERATE_SWIFT_ASSET_SYMBOL_EXTENSIONS = YES;
				CLANG_ANALYZER_NONNULL = YES;
				CLANG_ANALYZER_NUMBER_OBJECT_CONVERSION = YES_AGGRESSIVE;
				CLANG_CXX_LANGUAGE_STANDARD = "gnu++20";
				CLANG_ENABLE_MODULES = YES;
				CLANG_ENABLE_OBJC_ARC = YES;
				CLANG_ENABLE_OBJC_WEAK = YES;
				CLANG_WARN_BLOCK_CAPTURE_AUTORELEASING = YES;
				CLANG_WARN_BOOL_CONVERSION = YES;
				CLANG_WARN_COMMA = YES;
				CLANG_WARN_CONSTANT_CONVERSION = YES;
				CLANG_WARN_DEPRECATED_OBJC_IMPLEMENTATIONS = YES;
				CLANG_WARN_DIRECT_OBJC_ISA_USAGE = YES_ERROR;
				CLANG_WARN_DOCUMENTATION_COMMENTS = YES;
				CLANG_WARN_EMPTY_BODY = YES;
				CLANG_WARN_ENUM_CONVERSION = YES;
				CLANG_WARN_INFINITE_RECURSION = YES;
				CLANG_WARN_INT_CONVERSION = YES;
				CLANG_WARN_NON_LITERAL_NULL_CONVERSION = YES;
				CLANG_WARN_OBJC_IMPLICIT_RETAIN_SELF = YES;
				CLANG_WARN_OBJC_LITERAL_CONVERSION = YES;
				CLANG_WARN_OBJC_ROOT_CLASS = YES_ERROR;
				CLANG_WARN_QUOTED_INCLUDE_IN_FRAMEWORK_HEADER = YES;
				CLANG_WARN_RANGE_LOOP_ANALYSIS = YES;
				CLANG_WARN_STRICT_PROTOTYPES = YES;
				CLANG_WARN_SUSPICIOUS_MOVE = YES;
				CLANG_WARN_UNGUARDED_AVAILABILITY = YES_AGGRESSIVE;
				CLANG_WARN_UNREACHABLE_CODE = YES;
				CLANG_WARN__DUPLICATE_METHOD_MATCH = YES;
				COPY_PHASE_STRIP = NO;
				DEBUG_INFORMATION_FORMAT = dwarf;
				DEVELOPMENT_TEAM = 82SXQJ577Y;
				ENABLE_STRICT_OBJC_MSGSEND = YES;
				ENABLE_TESTABILITY = YES;
				ENABLE_USER_SCRIPT_SANDBOXING = YES;
				GCC_C_LANGUAGE_STANDARD = gnu17;
				GCC_DYNAMIC_NO_PIC = NO;
				GCC_NO_COMMON_BLOCKS = YES;
				GCC_OPTIMIZATION_LEVEL = 0;
				GCC_PREPROCESSOR_DEFINITIONS = (
					"DEBUG=1",
					"$(inherited)",
				);
				GCC_WARN_64_TO_32_BIT_CONVERSION = YES;
				GCC_WARN_ABOUT_RETURN_TYPE = YES_ERROR;
				GCC_WARN_UNDECLARED_SELECTOR = YES;
				GCC_WARN_UNINITIALIZED_AUTOS = YES_AGGRESSIVE;
				GCC_WARN_UNUSED_FUNCTION = YES;
				GCC_WARN_UNUSED_VARIABLE = YES;
				LOCALIZATION_PREFERS_STRING_CATALOGS = YES;
				MTL_ENABLE_DEBUG_INFO = INCLUDE_SOURCE;
				MTL_FAST_MATH = YES;
				ONLY_ACTIVE_ARCH = YES;
				SWIFT_ACTIVE_COMPILATION_CONDITIONS = "DEBUG $(inherited)";
				SWIFT_OPTIMIZATION_LEVEL = "-Onone";
			};
			name = Debug;
		};
		75A1723830701ED100147AA1 /* Release configuration for PBXProject "GitHubActionsDemo" */ = {
			isa = XCBuildConfiguration;
			buildSettings = {
				ALWAYS_SEARCH_USER_PATHS = NO;
				ASSETCATALOG_COMPILER_GENERATE_SWIFT_ASSET_SYMBOL_EXTENSIONS = YES;
				CLANG_ANALYZER_NONNULL = YES;
				CLANG_ANALYZER_NUMBER_OBJECT_CONVERSION = YES_AGGRESSIVE;
				CLANG_CXX_LANGUAGE_STANDARD = "gnu++20";
				CLANG_ENABLE_MODULES = YES;
				CLANG_ENABLE_OBJC_ARC = YES;
				CLANG_ENABLE_OBJC_WEAK = YES;
				CLANG_WARN_BLOCK_CAPTURE_AUTORELEASING = YES;
				CLANG_WARN_BOOL_CONVERSION = YES;
				CLANG_WARN_COMMA = YES;
				CLANG_WARN_CONSTANT_CONVERSION = YES;
				CLANG_WARN_DEPRECATED_OBJC_IMPLEMENTATIONS = YES;
				CLANG_WARN_DIRECT_OBJC_ISA_USAGE = YES_ERROR;
				CLANG_WARN_DOCUMENTATION_COMMENTS = YES;
				CLANG_WARN_EMPTY_BODY = YES;
				CLANG_WARN_ENUM_CONVERSION = YES;
				CLANG_WARN_INFINITE_RECURSION = YES;
				CLANG_WARN_INT_CONVERSION = YES;
				CLANG_WARN_NON_LITERAL_NULL_CONVERSION = YES;
				CLANG_WARN_OBJC_IMPLICIT_RETAIN_SELF = YES;
				CLANG_WARN_OBJC_LITERAL_CONVERSION = YES;
				CLANG_WARN_OBJC_ROOT_CLASS = YES_ERROR;
				CLANG_WARN_QUOTED_INCLUDE_IN_FRAMEWORK_HEADER = YES;
				CLANG_WARN_RANGE_LOOP_ANALYSIS = YES;
				CLANG_WARN_STRICT_PROTOTYPES = YES;
				CLANG_WARN_SUSPICIOUS_MOVE = YES;
				CLANG_WARN_UNGUARDED_AVAILABILITY = YES_AGGRESSIVE;
				CLANG_WARN_UNREACHABLE_CODE = YES;
				CLANG_WARN__DUPLICATE_METHOD_MATCH = YES;
				COPY_PHASE_STRIP = NO;
				DEBUG_INFORMATION_FORMAT = "dwarf-with-dsym";
				DEVELOPMENT_TEAM = 82SXQJ577Y;
				ENABLE_NS_ASSERTIONS = NO;
				ENABLE_STRICT_OBJC_MSGSEND = YES;
				ENABLE_USER_SCRIPT_SANDBOXING = YES;
				GCC_C_LANGUAGE_STANDARD = gnu17;
				GCC_NO_COMMON_BLOCKS = YES;
				GCC_WARN_64_TO_32_BIT_CONVERSION = YES;
				GCC_WARN_ABOUT_RETURN_TYPE = YES_ERROR;
				GCC_WARN_UNDECLARED_SELECTOR = YES;
				GCC_WARN_UNINITIALIZED_AUTOS = YES_AGGRESSIVE;
				GCC_WARN_UNUSED_FUNCTION = YES;
				GCC_WARN_UNUSED_VARIABLE = YES;
				LOCALIZATION_PREFERS_STRING_CATALOGS = YES;
				MTL_ENABLE_DEBUG_INFO = NO;
				MTL_FAST_MATH = YES;
				SWIFT_COMPILATION_MODE = wholemodule;
			};
			name = Release;
		};
		75A1723A30701ED100147AA1 /* Debug configuration for PBXNativeTarget "GitHubActionsDemo" */ = {
			isa = XCBuildConfiguration;
			buildSettings = {
				ASSETCATALOG_COMPILER_APPICON_NAME = AppIcon;
				ASSETCATALOG_COMPILER_GLOBAL_ACCENT_COLOR_NAME = AccentColor;
				CODE_SIGN_STYLE = Automatic;
				CURRENT_PROJECT_VERSION = 1;
				DEVELOPMENT_TEAM = 82SXQJ577Y;
				ENABLE_APP_SANDBOX = YES;
				ENABLE_HARDENED_RUNTIME = YES;
				ENABLE_PREVIEWS = YES;
				ENABLE_USER_SELECTED_FILES = readonly;
				GENERATE_INFOPLIST_FILE = YES;
				"INFOPLIST_KEY_UIApplicationSceneManifest_Generation[sdk=iphoneos*]" = YES;
				"INFOPLIST_KEY_UIApplicationSceneManifest_Generation[sdk=iphonesimulator*]" = YES;
				"INFOPLIST_KEY_UIApplicationSupportsIndirectInputEvents[sdk=iphoneos*]" = YES;
				"INFOPLIST_KEY_UIApplicationSupportsIndirectInputEvents[sdk=iphonesimulator*]" = YES;
				"INFOPLIST_KEY_UILaunchScreen_Generation[sdk=iphoneos*]" = YES;
				"INFOPLIST_KEY_UILaunchScreen_Generation[sdk=iphonesimulator*]" = YES;
				"INFOPLIST_KEY_UIStatusBarStyle[sdk=iphoneos*]" = UIStatusBarStyleDefault;
				"INFOPLIST_KEY_UIStatusBarStyle[sdk=iphonesimulator*]" = UIStatusBarStyleDefault;
				INFOPLIST_KEY_UISupportedInterfaceOrientations_iPad = "UIInterfaceOrientationPortrait UIInterfaceOrientationPortraitUpsideDown UIInterfaceOrientationLandscapeLeft UIInterfaceOrientationLandscapeRight";
				INFOPLIST_KEY_UISupportedInterfaceOrientations_iPhone = "UIInterfaceOrientationPortrait UIInterfaceOrientationLandscapeLeft UIInterfaceOrientationLandscapeRight";
				IPHONEOS_DEPLOYMENT_TARGET = 27.0;
				LD_RUNPATH_SEARCH_PATHS = "@executable_path/Frameworks";
				"LD_RUNPATH_SEARCH_PATHS[sdk=macosx*]" = "@executable_path/../Frameworks";
				MACOSX_DEPLOYMENT_TARGET = 27.0;
				MARKETING_VERSION = 1.0;
				PRODUCT_BUNDLE_IDENTIFIER = com.valueapps.GitHubActionsDemo;
				PRODUCT_NAME = "$(TARGET_NAME)";
				REGISTER_APP_GROUPS = YES;
				SDKROOT = auto;
				STRING_CATALOG_GENERATE_SYMBOLS = YES;
				SUPPORTED_PLATFORMS = "iphoneos iphonesimulator macosx xros xrsimulator";
				SWIFT_APPROACHABLE_CONCURRENCY = YES;
				SWIFT_DEFAULT_ACTOR_ISOLATION = MainActor;
				SWIFT_EMIT_LOC_STRINGS = YES;
				SWIFT_UPCOMING_FEATURE_MEMBER_IMPORT_VISIBILITY = YES;
				SWIFT_VERSION = 5.0;
				TARGETED_DEVICE_FAMILY = "1,2,7";
				XROS_DEPLOYMENT_TARGET = 27.0;
			};
			name = Debug;
		};
		75A1723B30701ED100147AA1 /* Release configuration for PBXNativeTarget "GitHubActionsDemo" */ = {
			isa = XCBuildConfiguration;
			buildSettings = {
				ASSETCATALOG_COMPILER_APPICON_NAME = AppIcon;
				ASSETCATALOG_COMPILER_GLOBAL_ACCENT_COLOR_NAME = AccentColor;
				CODE_SIGN_STYLE = Automatic;
				CURRENT_PROJECT_VERSION = 1;
				DEVELOPMENT_TEAM = 82SXQJ577Y;
				ENABLE_APP_SANDBOX = YES;
				ENABLE_HARDENED_RUNTIME = YES;
				ENABLE_PREVIEWS = YES;
				ENABLE_USER_SELECTED_FILES = readonly;
				GENERATE_INFOPLIST_FILE = YES;
				"INFOPLIST_KEY_UIApplicationSceneManifest_Generation[sdk=iphoneos*]" = YES;
				"INFOPLIST_KEY_UIApplicationSceneManifest_Generation[sdk=iphonesimulator*]" = YES;
				"INFOPLIST_KEY_UIApplicationSupportsIndirectInputEvents[sdk=iphoneos*]" = YES;
				"INFOPLIST_KEY_UIApplicationSupportsIndirectInputEvents[sdk=iphonesimulator*]" = YES;
				"INFOPLIST_KEY_UILaunchScreen_Generation[sdk=iphoneos*]" = YES;
				"INFOPLIST_KEY_UILaunchScreen_Generation[sdk=iphonesimulator*]" = YES;
				"INFOPLIST_KEY_UIStatusBarStyle[sdk=iphoneos*]" = UIStatusBarStyleDefault;
				"INFOPLIST_KEY_UIStatusBarStyle[sdk=iphonesimulator*]" = UIStatusBarStyleDefault;
				INFOPLIST_KEY_UISupportedInterfaceOrientations_iPad = "UIInterfaceOrientationPortrait UIInterfaceOrientationPortraitUpsideDown UIInterfaceOrientationLandscapeLeft UIInterfaceOrientationLandscapeRight";
				INFOPLIST_KEY_UISupportedInterfaceOrientations_iPhone = "UIInterfaceOrientationPortrait UIInterfaceOrientationLandscapeLeft UIInterfaceOrientationLandscapeRight";
				IPHONEOS_DEPLOYMENT_TARGET = 27.0;
				LD_RUNPATH_SEARCH_PATHS = "@executable_path/Frameworks";
				"LD_RUNPATH_SEARCH_PATHS[sdk=macosx*]" = "@executable_path/../Frameworks";
				MACOSX_DEPLOYMENT_TARGET = 27.0;
				MARKETING_VERSION = 1.0;
				PRODUCT_BUNDLE_IDENTIFIER = com.valueapps.GitHubActionsDemo;
				PRODUCT_NAME = "$(TARGET_NAME)";
				REGISTER_APP_GROUPS = YES;
				SDKROOT = auto;
				STRING_CATALOG_GENERATE_SYMBOLS = YES;
				SUPPORTED_PLATFORMS = "iphoneos iphonesimulator macosx xros xrsimulator";
				SWIFT_APPROACHABLE_CONCURRENCY = YES;
				SWIFT_DEFAULT_ACTOR_ISOLATION = MainActor;
				SWIFT_EMIT_LOC_STRINGS = YES;
				SWIFT_UPCOMING_FEATURE_MEMBER_IMPORT_VISIBILITY = YES;
				SWIFT_VERSION = 5.0;
				TARGETED_DEVICE_FAMILY = "1,2,7";
				XROS_DEPLOYMENT_TARGET = 27.0;
			};
			name = Release;
		};
		75A1723D30701ED100147AA1 /* Debug configuration for PBXNativeTarget "GitHubActionsDemoTests" */ = {
			isa = XCBuildConfiguration;
			buildSettings = {
				BUNDLE_LOADER = "$(TEST_HOST)";
				CODE_SIGN_STYLE = Automatic;
				CURRENT_PROJECT_VERSION = 1;
				DEVELOPMENT_TEAM = 82SXQJ577Y;
				GENERATE_INFOPLIST_FILE = YES;
				IPHONEOS_DEPLOYMENT_TARGET = 27.0;
				MACOSX_DEPLOYMENT_TARGET = 27.0;
				MARKETING_VERSION = 1.0;
				PRODUCT_BUNDLE_IDENTIFIER = com.valueapps.GitHubActionsDemoTests;
				PRODUCT_NAME = "$(TARGET_NAME)";
				SDKROOT = auto;
				STRING_CATALOG_GENERATE_SYMBOLS = NO;
				SUPPORTED_PLATFORMS = "iphoneos iphonesimulator macosx xros xrsimulator";
				SWIFT_APPROACHABLE_CONCURRENCY = YES;
				SWIFT_EMIT_LOC_STRINGS = NO;
				SWIFT_UPCOMING_FEATURE_MEMBER_IMPORT_VISIBILITY = YES;
				SWIFT_VERSION = 5.0;
				TARGETED_DEVICE_FAMILY = "1,2,7";
				TEST_HOST = "$(BUILT_PRODUCTS_DIR)/GitHubActionsDemo.app/$(BUNDLE_EXECUTABLE_FOLDER_PATH)/GitHubActionsDemo";
				XROS_DEPLOYMENT_TARGET = 27.0;
			};
			name = Debug;
		};
		75A1723E30701ED100147AA1 /* Release configuration for PBXNativeTarget "GitHubActionsDemoTests" */ = {
			isa = XCBuildConfiguration;
			buildSettings = {
				BUNDLE_LOADER = "$(TEST_HOST)";
				CODE_SIGN_STYLE = Automatic;
				CURRENT_PROJECT_VERSION = 1;
				DEVELOPMENT_TEAM = 82SXQJ577Y;
				GENERATE_INFOPLIST_FILE = YES;
				IPHONEOS_DEPLOYMENT_TARGET = 27.0;
				MACOSX_DEPLOYMENT_TARGET = 27.0;
				MARKETING_VERSION = 1.0;
				PRODUCT_BUNDLE_IDENTIFIER = com.valueapps.GitHubActionsDemoTests;
				PRODUCT_NAME = "$(TARGET_NAME)";
				SDKROOT = auto;
				STRING_CATALOG_GENERATE_SYMBOLS = NO;
				SUPPORTED_PLATFORMS = "iphoneos iphonesimulator macosx xros xrsimulator";
				SWIFT_APPROACHABLE_CONCURRENCY = YES;
				SWIFT_EMIT_LOC_STRINGS = NO;
				SWIFT_UPCOMING_FEATURE_MEMBER_IMPORT_VISIBILITY = YES;
				SWIFT_VERSION = 5.0;
				TARGETED_DEVICE_FAMILY = "1,2,7";
				TEST_HOST = "$(BUILT_PRODUCTS_DIR)/GitHubActionsDemo.app/$(BUNDLE_EXECUTABLE_FOLDER_PATH)/GitHubActionsDemo";
				XROS_DEPLOYMENT_TARGET = 27.0;
			};
			name = Release;
		};
		75A1724030701ED100147AA1 /* Debug configuration for PBXNativeTarget "GitHubActionsDemoUITests" */ = {
			isa = XCBuildConfiguration;
			buildSettings = {
				CODE_SIGN_STYLE = Automatic;
				CURRENT_PROJECT_VERSION = 1;
				DEVELOPMENT_TEAM = 82SXQJ577Y;
				GENERATE_INFOPLIST_FILE = YES;
				IPHONEOS_DEPLOYMENT_TARGET = 27.0;
				MACOSX_DEPLOYMENT_TARGET = 27.0;
				MARKETING_VERSION = 1.0;
				PRODUCT_BUNDLE_IDENTIFIER = com.valueapps.GitHubActionsDemoUITests;
				PRODUCT_NAME = "$(TARGET_NAME)";
				SDKROOT = auto;
				STRING_CATALOG_GENERATE_SYMBOLS = NO;
				SUPPORTED_PLATFORMS = "iphoneos iphonesimulator macosx xros xrsimulator";
				SWIFT_APPROACHABLE_CONCURRENCY = YES;
				SWIFT_EMIT_LOC_STRINGS = NO;
				SWIFT_UPCOMING_FEATURE_MEMBER_IMPORT_VISIBILITY = YES;
				SWIFT_VERSION = 5.0;
				TARGETED_DEVICE_FAMILY = "1,2,7";
				TEST_TARGET_NAME = GitHubActionsDemo;
				XROS_DEPLOYMENT_TARGET = 27.0;
			};
			name = Debug;
		};
		75A1724130701ED100147AA1 /* Release configuration for PBXNativeTarget "GitHubActionsDemoUITests" */ = {
			isa = XCBuildConfiguration;
			buildSettings = {
				CODE_SIGN_STYLE = Automatic;
				CURRENT_PROJECT_VERSION = 1;
				DEVELOPMENT_TEAM = 82SXQJ577Y;
				GENERATE_INFOPLIST_FILE = YES;
				IPHONEOS_DEPLOYMENT_TARGET = 27.0;
				MACOSX_DEPLOYMENT_TARGET = 27.0;
				MARKETING_VERSION = 1.0;
				PRODUCT_BUNDLE_IDENTIFIER = com.valueapps.GitHubActionsDemoUITests;
				PRODUCT_NAME = "$(TARGET_NAME)";
				SDKROOT = auto;
				STRING_CATALOG_GENERATE_SYMBOLS = NO;
				SUPPORTED_PLATFORMS = "iphoneos iphonesimulator macosx xros xrsimulator";
				SWIFT_APPROACHABLE_CONCURRENCY = YES;
				SWIFT_EMIT_LOC_STRINGS = NO;
				SWIFT_UPCOMING_FEATURE_MEMBER_IMPORT_VISIBILITY = YES;
				SWIFT_VERSION = 5.0;
				TARGETED_DEVICE_FAMILY = "1,2,7";
				TEST_TARGET_NAME = GitHubActionsDemo;
				XROS_DEPLOYMENT_TARGET = 27.0;
			};
			name = Release;
		};
/* End XCBuildConfiguration section */

/* Begin XCConfigurationList section */
		75A1721530701ED000147AA1 /* Build configuration list for PBXProject "GitHubActionsDemo" */ = {
			isa = XCConfigurationList;
			buildConfigurations = (
				75A1723730701ED100147AA1 /* Debug configuration for PBXProject "GitHubActionsDemo" */,
				75A1723830701ED100147AA1 /* Release configuration for PBXProject "GitHubActionsDemo" */,
			);
			defaultConfigurationName = Release;
		};
		75A1723930701ED100147AA1 /* Build configuration list for PBXNativeTarget "GitHubActionsDemo" */ = {
			isa = XCConfigurationList;
			buildConfigurations = (
				75A1723A30701ED100147AA1 /* Debug configuration for PBXNativeTarget "GitHubActionsDemo" */,
				75A1723B30701ED100147AA1 /* Release configuration for PBXNativeTarget "GitHubActionsDemo" */,
			);
			defaultConfigurationName = Release;
		};
		75A1723C30701ED100147AA1 /* Build configuration list for PBXNativeTarget "GitHubActionsDemoTests" */ = {
			isa = XCConfigurationList;
			buildConfigurations = (
				75A1723D30701ED100147AA1 /* Debug configuration for PBXNativeTarget "GitHubActionsDemoTests" */,
				75A1723E30701ED100147AA1 /* Release configuration for PBXNativeTarget "GitHubActionsDemoTests" */,
			);
			defaultConfigurationName = Release;
		};
		75A1723F30701ED100147AA1 /* Build configuration list for PBXNativeTarget "GitHubActionsDemoUITests" */ = {
			isa = XCConfigurationList;
			buildConfigurations = (
				75A1724030701ED100147AA1 /* Debug configuration for PBXNativeTarget "GitHubActionsDemoUITests" */,
				75A1724130701ED100147AA1 /* Release configuration for PBXNativeTarget "GitHubActionsDemoUITests" */,
			);
			defaultConfigurationName = Release;
		};
/* End XCConfigurationList section */
	};
	rootObject = 75A1721230701ED000147AA1 /* Project object */;
	validationLevel = 1;
}
